// !$*UTF8*$!
{
	archiveVersion = 1;
	classes = {
	};
	objectVersion = 46;
	objects = {

/* Begin PBXBuildFile section */
		365F19851B9DEB9600EBBBA3 /* AppDelegate.swift in Sources */ = {isa = PBXBuildFile; fileRef = 365F19841B9DEB9600EBBBA3 /* AppDelegate.swift */; };
		365F19871B9DEB9600EBBBA3 /* ViewController.swift in Sources */ = {isa = PBXBuildFile; fileRef = 365F19861B9DEB9600EBBBA3 /* ViewController.swift */; };
		365F198A1B9DEB9600EBBBA3 /* Main.storyboard in Resources */ = {isa = PBXBuildFile; fileRef = 365F19881B9DEB9600EBBBA3 /* Main.storyboard */; };
		365F198C1B9DEB9600EBBBA3 /* Assets.xcassets in Resources */ = {isa = PBXBuildFile; fileRef = 365F198B1B9DEB9600EBBBA3 /* Assets.xcassets */; };
		365F198F1B9DEB9600EBBBA3 /* LaunchScreen.storyboard in Resources */ = {isa = PBXBuildFile; fileRef = 365F198D1B9DEB9600EBBBA3 /* LaunchScreen.storyboard */; };
/* End PBXBuildFile section */

/* Begin PBXFileReference section */
		365F19811B9DEB9600EBBBA3 /* randomNumber.app */ = {isa = PBXFileReference; explicitFileType = wrapper.application; includeInIndex = 0; path = randomNumber.app; sourceTree = BUILT_PRODUCTS_DIR; };
		365F19841B9DEB9600EBBBA3 /* AppDelegate.swift */ = {isa = PBXFileReference; lastKnownFileType = sourcecode.swift; path = AppDelegate.swift; sourceTree = "<group>"; };
		365F19861B9DEB9600EBBBA3 /* ViewController.swift */ = {isa = PBXFileReference; lastKnownFileType = sourcecode.swift; path = ViewController.swift; sourceTree = "<group>"; };
		365F19891B9DEB9600EBBBA3 /* Base */ = {isa = PBXFileReference; lastKnownFileType = file.storyboard; name = Base; path = Base.lproj/Main.storyboard; sourceTree = "<group>"; };
		365F198B1B9DEB9600EBBBA3 /* Assets.xcassets */ = {isa = PBXFileReference; lastKnownFileType = folder.assetcatalog; path = Assets.xcassets; sourceTree = "<group>"; };
		365F198E1B9DEB9600EBBBA3 /* Base */ = {isa = PBXFileReference; lastKnownFileType = file.storyboard; name = Base; path = Base.lproj/LaunchScreen.storyboard; sourceTree = "<group>"; };
		365F19901B9DEB9600EBBBA3 /* Info.plist */ = {isa = PBXFileReference; lastKnownFileType = text.plist.xml; path = Info.plist; sourceTree = "<group>"; };
/* End PBXFileReference section */

/* Begin PBXFrameworksBuildPhase section */
		365F197E1B9DEB9600EBBBA3 /* Frameworks */ = {
			isa = PBXFrameworksBuildPhase;
			buildActionMask = 2147483647;
			files = (
			);
			runOnlyForDeploymentPostprocessing = 0;
		};
/* End PBXFrameworksBuildPhase section */

/* Begin PBXGroup section */
		365F19781B9DEB9600EBBBA3 = {
			isa = PBXGroup;
			children = (
				365F19831B9DEB9600EBBBA3 /* randomNumber */,
				365F19821B9DEB9600EBBBA3 /* Products */,
			);
			sourceTree = "<group>";
		};
		365F19821B9DEB9600EBBBA3 /* Products */ = {
			isa = PBXGroup;
			children = (
				365F19811B9DEB9600EBBBA3 /* randomNumber.app */,
			);
			name = Products;
			sourceTree = "<group>";
		};
		365F19831B9DEB9600EBBBA3 /* randomNumber */ = {
			isa = PBXGroup;
			children = (
				365F19841B9DEB9600EBBBA3 /* AppDelegate.swift */,
				365F19861B9DEB9600EBBBA3 /* ViewController.swift */,
				365F19881B9DEB9600EBBBA3 /* Main.storyboard */,
				365F198B1B9DEB9600EBBBA3 /* Assets.xcassets */,
				365F198D1B9DEB9600EBBBA3 /* LaunchScreen.storyboard */,
				365F19901B9DEB9600EBBBA3 /* Info.plist */,
			);
			path = randomNumber;
			sourceTree = "<group>";
		};
/* End PBXGroup section */

/* Begin PBXNativeTarget section */
		365F19801B9DEB9600EBBBA3 /* randomNumber */ = {
			isa = PBXNativeTarget;
			buildConfigurationList = 365F19931B9DEB9600EBBBA3 /* Build configuration list for PBXNativeTarget "randomNumber" */;
			buildPhases = (
				365F197D1B9DEB9600EBBBA3 /* Sources */,
				365F197E1B9DEB9600EBBBA3 /* Frameworks */,
				365F197F1B9DEB9600EBBBA3 /* Resources */,
			);
			buildRules = (
			);
			dependencies = (
			);
			name = randomNumber;
			productName = randomNumber;
			productReference = 365F19811B9DEB9600EBBBA3 /* randomNumber.app */;
			productType = "com.apple.product-type.application";
		};
/* End PBXNativeTarget section */

/* Begin PBXProject section */
		365F19791B9DEB9600EBBBA3 /* Project object */ = {
			isa = PBXProject;
			attributes = {
				LastUpgradeCheck = 0700;
				ORGANIZATIONNAME = com.chrishowie;
				TargetAttributes = {
					365F19801B9DEB9600EBBBA3 = {
						CreatedOnToolsVersion = 7.0;
						DevelopmentTeam = 9V2PU42FJC;
					};
				};
			};
			buildConfigurationList = 365F197C1B9DEB9600EBBBA3 /* Build configuration list for PBXProject "randomNumber" */;
			compatibilityVersion = "Xcode 3.2";
			developmentRegion = English;
			hasScannedForEncodings = 0;
			knownRegions = (
				en,
				Base,
			);
			mainGroup = 365F19781B9DEB9600EBBBA3;
			productRefGroup = 365F19821B9DEB9600EBBBA3 /* Products */;
			projectDirPath = "";
			projectRoot = "";
			targets = (
				365F19801B9DEB9600EBBBA3 /* randomNumber */,
			);
		};
/* End PBXProject section */

/* Begin PBXResourcesBuildPhase section */
		365F197F1B9DEB9600EBBBA3 /* Resources */ = {
			isa = PBXResourcesBuildPhase;
			buildActionMask = 2147483647;
			files = (
				365F198F1B9DEB9600EBBBA3 /* LaunchScreen.storyboard in Resources */,
				365F198C1B9DEB9600EBBBA3 /* Assets.xcassets in Resources */,
				365F198A1B9DEB9600EBBBA3 /* Main.storyboard in Resources */,
			);
			runOnlyForDeploymentPostprocessing = 0;
		};
/* End PBXResourcesBuildPhase section */

/* Begin PBXSourcesBuildPhase section */
		365F197D1B9DEB9600EBBBA3 /* Sources */ = {
			isa = PBXSourcesBuildPhase;
			buildActionMask = 2147483647;
			files = (
				365F19871B9DEB9600EBBBA3 /* ViewController.swift in Sources */,
				365F19851B9DEB9600EBBBA3 /* AppDelegate.swift in Sources */,
			);
			runOnlyForDeploymentPostprocessing = 0;
		};
/* End PBXSourcesBuildPhase section */

/* Begin PBXVariantGroup section */
		365F19881B9DEB9600EBBBA3 /* Main.storyboard */ = {
			isa = PBXVariantGroup;
			children = (
				365F19891B9DEB9600EBBBA3 /* Base */,
			);
			name = Main.storyboard;
			sourceTree = "<group>";
		};
		365F198D1B9DEB9600EBBBA3 /* LaunchScreen.storyboard */ = {
			isa = PBXVariantGroup;
			children = (
				365F198E1B9DEB9600EBBBA3 /* Base */,
			);
			name = LaunchScreen.storyboard;
			sourceTree = "<group>";
		};
/* End PBXVariantGroup section */

/* Begin XCBuildConfiguration section */
		365F19911B9DEB9600EBBBA3 /* Debug */ = {
			isa = XCBuildConfiguration;
			buildSettings = {
				ALWAYS_SEARCH_USER_PATHS = NO;
				CLANG_CXX_LANGUAGE_STANDARD = "gnu++0x";
				CLANG_CXX_LIBRARY = "libc++";
				CLANG_ENABLE_MODULES = YES;
				CLANG_ENABLE_OBJC_ARC = YES;
				CLANG_WARN_BOOL_CONVERSION = YES;
				CLANG_WARN_CONSTANT_CONVERSION = YES;
				CLANG_WARN_DIRECT_OBJC_ISA_USAGE = YES_ERROR;
				CLANG_WARN_EMPTY_BODY = YES;
				CLANG_WARN_ENUM_CONVERSION = YES;
				CLANG_WARN_INT_CONVERSION = YES;
				CLANG_WARN_OBJC_ROOT_CLASS = YES_ERROR;
				CLANG_WARN_UNREACHABLE_CODE = YES;
				CLANG_WARN__DUPLICATE_METHOD_MATCH = YES;
				"CODE_SIGN_IDENTITY[sdk=iphoneos*]" = "iPhone Developer";
				COPY_PHASE_STRIP = NO;
				DEBUG_INFORMATION_FORMAT = dwarf;
				ENABLE_STRICT_OBJC_MSGSEND = YES;
				ENABLE_TESTABILITY = YES;
				GCC_C_LANGUAGE_STANDARD = gnu99;
				GCC_DYNAMIC_NO_PIC = NO;
				GCC_NO_COMMON_BLOCKS = YES;
				GCC_OPTIMIZATION_LEVEL = 0;
				GCC_PREPROCESSOR_DEFINITIONS = (
					"DEBUG=1",
					"$(inherited)",
				);
				GCC_WARN_64_TO_32_BIT_CONVERSION = YES;
				GCC_WARN_ABOUT_RETURN_TYPE = YES_ERROR;
				GCC_WARN_UNDECLARED_SELECTOR = YES;
				GCC_WARN_UNINITIALIZED_AUTOS = YES_AGGRESSIVE;
				GCC_WARN_UNUSED_FUNCTION = YES;
				GCC_WARN_UNUSED_VARIABLE = YES;
				IPHONEOS_DEPLOYMENT_TARGET = 9.0;
				MTL_ENABLE_DEBUG_INFO = YES;
				ONLY_ACTIVE_ARCH = YES;
				SDKROOT = iphoneos;
				SWIFT_OPTIMIZATION_LEVEL = "-Onone";
			};
			name = Debug;
		};
		365F19921B9DEB9600EBBBA3 /* Release */ = {
			isa = XCBuildConfiguration;
			buildSettings = {
				ALWAYS_SEARCH_USER_PATHS = NO;
				CLANG_CXX_LANGUAGE_STANDARD = "gnu++0x";
				CLANG_CXX_LIBRARY = "libc++";
				CLANG_ENABLE_MODULES = YES;
				CLANG_ENABLE_OBJC_ARC = YES;
				CLANG_WARN_BOOL_CONVERSION = YES;
				CLANG_WARN_CONSTANT_CONVERSION = YES;
				CLANG_WARN_DIRECT_OBJC_ISA_USAGE = YES_ERROR;
				CLANG_WARN_EMPTY_BODY = YES;
				CLANG_WARN_ENUM_CONVERSION = YES;
				CLANG_WARN_INT_CONVERSION = YES;
				CLANG_WARN_OBJC_ROOT_CLASS = YES_ERROR;
				CLANG_WARN_UNREACHABLE_CODE = YES;
				CLANG_WARN__DUPLICATE_METHOD_MATCH = YES;
				"CODE_SIGN_IDENTITY[sdk=iphoneos*]" = "iPhone Developer";
				COPY_PHASE_STRIP = NO;
				DEBUG_INFORMATION_FORMAT = "dwarf-with-dsym";
				ENABLE_NS_ASSERTIONS = NO;
				ENABLE_STRICT_OBJC_MSGSEND = YES;
				GCC_C_LANGUAGE_STANDARD = gnu99;
				GCC_NO_COMMON_BLOCKS = YES;
				GCC_WARN_64_TO_32_BIT_CONVERSION = YES;
				GCC_WARN_ABOUT_RETURN_TYPE = YES_ERROR;
				GCC_WARN_UNDECLARED_SELECTOR = YES;
				GCC_WARN_UNINITIALIZED_AUTOS = YES_AGGRESSIVE;
				GCC_WARN_UNUSED_FUNCTION = YES;
				GCC_WARN_UNUSED_VARIABLE = YES;
				IPHONEOS_DEPLOYMENT_TARGET = 9.0;
				MTL_ENABLE_DEBUG_INFO = NO;
				SDKROOT = iphoneos;
				VALIDATE_PRODUCT = YES;
			};
			name = Release;
		};
		365F19941B9DEB9600EBBBA3 /* Debug */ = {
			isa = XCBuildConfiguration;
			buildSettings = {
				ASSETCATALOG_COMPILER_APPICON_NAME = AppIcon;
				INFOPLIST_FILE = randomNumber/Info.plist;
				LD_RUNPATH_SEARCH_PATHS = "$(inherited) @executable_path/Frameworks";
				PRODUCT_BUNDLE_IDENTIFIER = chrishowie.randomNumber;
				PRODUCT_NAME = "$(TARGET_NAME)";
			};
			name = Debug;
		};
		365F19951B9DEB9600EBBBA3 /* Release */ = {
			isa = XCBuildConfiguration;
			buildSettings = {
				ASSETCATALOG_COMPILER_APPICON_NAME = AppIcon;
				INFOPLIST_FILE = randomNumber/Info.plist;
				LD_RUNPATH_SEARCH_PATHS = "$(inherited) @executable_path/Frameworks";
				PRODUCT_BUNDLE_IDENTIFIER = chrishowie.randomNumber;
				PRODUCT_NAME = "$(TARGET_NAME)";
			};
			name = Release;
		};
/* End XCBuildConfiguration section */

/* Begin XCConfigurationList section */
		365F197C1B9DEB9600EBBBA3 /* Build configuration list for PBXProject "randomNumber" */ = {
			isa = XCConfigurationList;
			buildConfigurations = (
				365F19911B9DEB9600EBBBA3 /* Debug */,
				365F19921B9DEB9600EBBBA3 /* Release */,
			);
			defaultConfigurationIsVisible = 0;
			defaultConfigurationName = Release;
		};
		365F19931B9DEB9600EBBBA3 /* Build configuration list for PBXNativeTarget "randomNumber" */ = {
			isa = XCConfigurationList;
			buildConfigurations = (
				365F19941B9DEB9600EBBBA3 /* Debug */,
				365F19951B9DEB9600EBBBA3 /* Release */,
			);
			defaultConfigurationIsVisible = 0;
		};
/* End XCConfigurationList section */
	};
	rootObject = 365F19791B9DEB9600EBBBA3 /* Project object */;
}
